#MicroXplorer Configuration settings - do not modify
ADC1.Channel-0\#ChannelRegularConversion=ADC_CHANNEL_5
ADC1.Channel-1\#ChannelRegularConversion=ADC_CHANNEL_6
ADC1.ClockPrescaler=ADC_CLOCK_ASYNC_DIV64
ADC1.CommonPathInternal=null|null|null|null
ADC1.ConversionDataManagement=ADC_CONVERSIONDATA_DR
ADC1.DiscontinuousConvMode=ENABLE
ADC1.EOCSelection=ADC_EOC_SEQ_CONV
ADC1.EnableRegularConversion=ENABLE
ADC1.IPParameters=NbrOfConversion,DiscontinuousConvMode,ConversionDataManagement,EOCSelection,ClockPrescaler,Resolution,master,EnableRegularConversion,Rank-0\#ChannelRegularConversion,Channel-0\#ChannelRegularConversion,SamplingTime-0\#ChannelRegularConversion,OffsetNumber-0\#ChannelRegularConversion,MonitoredBy-0\#ChannelRegularConversion,NbrOfConversionFlag,Rank-1\#ChannelRegularConversion,Channel-1\#ChannelRegularConversion,SamplingTime-1\#ChannelRegularConversion,OffsetNumber-1\#ChannelRegularConversion,MonitoredBy-1\#ChannelRegularConversion,CommonPathInternal
ADC1.MonitoredBy-0\#ChannelRegularConversion=__NULL
ADC1.MonitoredBy-1\#ChannelRegularConversion=__NULL
ADC1.NbrOfConversion=2
ADC1.NbrOfConversionFlag=1
ADC1.OffsetNumber-0\#ChannelRegularConversion=ADC_OFFSET_NONE
ADC1.OffsetNumber-1\#ChannelRegularConversion=ADC_OFFSET_NONE
ADC1.Rank-0\#ChannelRegularConversion=1
ADC1.Rank-1\#ChannelRegularConversion=2
ADC1.Resolution=ADC_RESOLUTION_12B
ADC1.SamplingTime-0\#ChannelRegularConversion=ADC_SAMPLETIME_5CYCLE
ADC1.SamplingTime-1\#ChannelRegularConversion=ADC_SAMPLETIME_5CYCLE
ADC1.master=1
ADC4.ClockPrescaler=ADC_CLOCK_ASYNC_DIV64
ADC4.CommonPathInternal=null|null|null|null
ADC4.IPParameters=NbrOfConversionFlag,NbrOfConversion,SelectedChannel,ClockPrescaler,CommonPathInternal
ADC4.NbrOfConversion=1
ADC4.NbrOfConversionFlag=0
ADC4.SelectedChannel=ADC_CHANNEL_9
CAD.formats=
CAD.pinconfig=
CAD.provider=
CORTEX_M33_NS.userName=CORTEX_M33
FDCAN1.CalculateBaudRateNominal=1000000
FDCAN1.CalculateTimeBitNominal=1000
FDCAN1.CalculateTimeQuantumNominal=41.666666666666664
FDCAN1.IPParameters=CalculateTimeQuantumNominal,CalculateTimeBitNominal,CalculateBaudRateNominal,NominalSyncJumpWidth,NominalPrescaler,NominalTimeSeg1,NominalTimeSeg2
FDCAN1.NominalPrescaler=1
FDCAN1.NominalSyncJumpWidth=4
FDCAN1.NominalTimeSeg1=19
FDCAN1.NominalTimeSeg2=4
File.Version=6
GPDMA1.DATAHANDLING_GPDMACH15=NONE
GPDMA1.DESTDATAWIDTH_GPDMACH15=DMA_DEST_DATAWIDTH_HALFWORD
GPDMA1.IPHANDLE_GPDMACH15-SIMPLEREQUEST_GPDMACH15=__NULL
GPDMA1.IPParameters=IPHANDLE_GPDMACH15-SIMPLEREQUEST_GPDMACH15,REQUEST_GPDMACH15,SRCDATAWIDTH_GPDMACH15,TRANSFERALLOCATEDPORTSRC_GPDMACH15,DESTDATAWIDTH_GPDMACH15,DATAHANDLING_GPDMACH15
GPDMA1.REQUEST_GPDMACH15=GPDMA1_REQUEST_ADC1
GPDMA1.SRCDATAWIDTH_GPDMACH15=DMA_SRC_DATAWIDTH_HALFWORD
GPDMA1.TRANSFERALLOCATEDPORTSRC_GPDMACH15=DMA_SRC_ALLOCATED_PORT0
GPIO.groupedBy=Group By Peripherals
I2C1.GeneralCallMode=I2C_GENERALCALL_DISABLE
I2C1.I2C_Speed_Mode=I2C_Fast
I2C1.IPParameters=Timing,I2C_Speed_Mode,NoStretchMode,GeneralCallMode
I2C1.NoStretchMode=I2C_NOSTRETCH_ENABLE
I2C1.Timing=0x00200C28
KeepUserPlacement=false
MMTAppRegionsCount=0
MMTConfigApplied=false
Mcu.CPN=STM32U575CIT6
Mcu.ContextProject=TrustZoneDisabled
Mcu.Family=STM32U5
Mcu.IP0=ADC1
Mcu.IP1=ADC4
Mcu.IP10=NVIC
Mcu.IP11=PWR
Mcu.IP12=RCC
Mcu.IP13=SPI1
Mcu.IP14=SYS
Mcu.IP2=CORTEX_M33_NS
Mcu.IP3=DEBUG
Mcu.IP4=FDCAN1
Mcu.IP5=GPDMA1
Mcu.IP6=I2C1
Mcu.IP7=LPBAM
Mcu.IP8=LPBAMQUEUE
Mcu.IP9=MEMORYMAP
Mcu.IPNb=15
Mcu.Name=STM32U575CITx
Mcu.Package=LQFP48
Mcu.Pin0=PH0-OSC_IN (PH0)
Mcu.Pin1=PH1-OSC_OUT (PH1)
Mcu.Pin10=PB10
Mcu.Pin11=PB12
Mcu.Pin12=PB13
Mcu.Pin13=PB14
Mcu.Pin14=PB15
Mcu.Pin15=PA10
Mcu.Pin16=PA11
Mcu.Pin17=PA12
Mcu.Pin18=PA13 (JTMS/SWDIO)
Mcu.Pin19=PA14 (JTCK/SWCLK)
Mcu.Pin2=PA0
Mcu.Pin20=PA15 (JTDI)
Mcu.Pin21=PB3 (JTDO/TRACESWO)
Mcu.Pin22=PB6
Mcu.Pin23=PB7
Mcu.Pin24=PB8
Mcu.Pin25=PB9
Mcu.Pin26=VP_GPDMA1_VS_GPDMACH15
Mcu.Pin27=VP_LPBAMQUEUE_VS_QUEUE
Mcu.Pin28=VP_PWR_VS_SECSignals
Mcu.Pin29=VP_PWR_Vdda
Mcu.Pin3=PA1
Mcu.Pin30=VP_SYS_VS_tim7
Mcu.Pin31=VP_LPBAM_VS_SIG1
Mcu.Pin32=VP_LPBAM_VS_SIG4
Mcu.Pin33=VP_MEMORYMAP_VS_MEMORYMAP
Mcu.Pin34=VP_STMicroelectronics.X-CUBE-FREERTOS_VS_CMSISJjRTOS2_10.5.1_1.1.0
Mcu.Pin4=PA3
Mcu.Pin5=PA4
Mcu.Pin6=PA5
Mcu.Pin7=PA6
Mcu.Pin8=PA7
Mcu.Pin9=PB0
Mcu.PinsNb=35
Mcu.ThirdParty0=STMicroelectronics.X-CUBE-FREERTOS.1.1.0
Mcu.ThirdPartyNb=1
Mcu.UserConstants=
Mcu.UserName=STM32U575CITx
MxCube.Version=6.11.1
MxDb.Version=DB.6.0.111
NVIC.BusFault_IRQn=true\:0\:0\:false\:false\:true\:false\:false\:false\:false
NVIC.DebugMonitor_IRQn=true\:0\:0\:false\:false\:true\:false\:false\:false\:false
NVIC.EXTI10_IRQn=true\:5\:0\:false\:false\:true\:true\:true\:true\:true
NVIC.FDCAN1_IT0_IRQn=true\:5\:0\:false\:false\:true\:true\:true\:true\:true
NVIC.ForceEnableDMAVector=true
NVIC.GPDMA1_Channel15_IRQn=true\:5\:0\:false\:false\:true\:true\:false\:true\:true
NVIC.HardFault_IRQn=true\:0\:0\:false\:false\:true\:false\:false\:false\:false
NVIC.MemoryManagement_IRQn=true\:0\:0\:false\:false\:true\:false\:false\:false\:false
NVIC.NonMaskableInt_IRQn=true\:0\:0\:false\:false\:true\:false\:false\:false\:false
NVIC.PendSV_IRQn=true\:15\:0\:false\:false\:false\:true\:false\:false\:false
NVIC.PriorityGroup=NVIC_PRIORITYGROUP_4
NVIC.SVCall_IRQn=true\:0\:0\:false\:false\:false\:false\:false\:false\:false
NVIC.SavedPendsvIrqHandlerGenerated=true
NVIC.SavedSvcallIrqHandlerGenerated=true
NVIC.SavedSystickIrqHandlerGenerated=true
NVIC.SysTick_IRQn=true\:15\:0\:false\:false\:false\:true\:false\:true\:false
NVIC.TIM7_IRQn=true\:15\:0\:false\:false\:true\:false\:false\:true\:true
NVIC.TimeBase=TIM7_IRQn
NVIC.TimeBaseIP=TIM7
NVIC.UsageFault_IRQn=true\:0\:0\:false\:false\:true\:false\:false\:false\:false
PA0.GPIOParameters=GPIO_Label
PA0.GPIO_Label=ASB_SP_1
PA0.Locked=true
PA0.Mode=IN5-Single-Ended
PA0.Signal=ADC1_IN5
PA1.GPIOParameters=GPIO_Label
PA1.GPIO_Label=ASB_SP_2
PA1.Locked=true
PA1.Mode=IN6-Single-Ended
PA1.Signal=ADC1_IN6
PA10.GPIOParameters=GPIO_Label
PA10.GPIO_Label=LTC2943_\!ALCC
PA10.Locked=true
PA10.Signal=GPXTI10
PA11.Locked=true
PA11.Mode=FDCAN_Activate
PA11.Signal=FDCAN1_RX
PA12.Locked=true
PA12.Mode=FDCAN_Activate
PA12.Signal=FDCAN1_TX
PA13\ (JTMS/SWDIO).Locked=true
PA13\ (JTMS/SWDIO).Mode=JTAG_4_pins
PA13\ (JTMS/SWDIO).Signal=DEBUG_JTMS-SWDIO
PA14\ (JTCK/SWCLK).Locked=true
PA14\ (JTCK/SWCLK).Mode=JTAG_4_pins
PA14\ (JTCK/SWCLK).Signal=DEBUG_JTCK-SWCLK
PA15\ (JTDI).Locked=true
PA15\ (JTDI).Mode=JTAG_4_pins
PA15\ (JTDI).Signal=DEBUG_JTDI
PA3.GPIOParameters=GPIO_Label
PA3.GPIO_Label=SupplyPressVccEnable
PA3.Locked=true
PA3.Signal=GPIO_Output
PA4.GPIOParameters=GPIO_Label
PA4.GPIO_Label=PACK_MON
PA4.Locked=true
PA4.Mode=IN9
PA4.Signal=ADC4_IN9
PA5.Locked=true
PA5.Mode=Full_Duplex_Master
PA5.Signal=SPI1_SCK
PA6.Locked=true
PA6.Mode=Full_Duplex_Master
PA6.Signal=SPI1_MISO
PA7.Locked=true
PA7.Mode=Full_Duplex_Master
PA7.Signal=SPI1_MOSI
PB0.GPIOParameters=GPIO_Label
PB0.GPIO_Label=SPI1_CSB
PB0.Locked=true
PB0.Signal=GPIO_Output
PB10.GPIOParameters=GPIO_Label
PB10.GPIO_Label=LATCH-ON_IO
PB10.Locked=true
PB10.Signal=GPIO_Output
PB12.GPIOParameters=GPIO_Label
PB12.GPIO_Label=BQ_PMON_EN
PB12.Locked=true
PB12.Signal=GPIO_Output
PB13.GPIOParameters=GPIO_Label
PB13.GPIO_Label=BQ_DSG_EN
PB13.Locked=true
PB13.Signal=GPIO_Output
PB14.GPIOParameters=GPIO_Label
PB14.GPIO_Label=BQ_CP_EN
PB14.Locked=true
PB14.Signal=GPIO_Output
PB15.GPIOParameters=GPIO_Label
PB15.GPIO_Label=BQ_CHG_EN
PB15.Locked=true
PB15.Signal=GPIO_Output
PB3\ (JTDO/TRACESWO).Locked=true
PB3\ (JTDO/TRACESWO).Mode=JTAG_4_pins
PB3\ (JTDO/TRACESWO).Signal=DEBUG_JTDO-SWO
PB6.Locked=true
PB6.Mode=I2C
PB6.Signal=I2C1_SCL
PB7.Locked=true
PB7.Mode=I2C
PB7.Signal=I2C1_SDA
PB8.GPIOParameters=GPIO_Label
PB8.GPIO_Label=STATUS_LED_2
PB8.Locked=true
PB8.Signal=GPIO_Output
PB9.GPIOParameters=GPIO_Label
PB9.GPIO_Label=STATUS_LED_1
PB9.Locked=true
PB9.Signal=GPIO_Output
PH0-OSC_IN\ (PH0).Locked=true
PH0-OSC_IN\ (PH0).Mode=HSE-External-Oscillator
PH0-OSC_IN\ (PH0).Signal=RCC_OSC_IN
PH1-OSC_OUT\ (PH1).Locked=true
PH1-OSC_OUT\ (PH1).Mode=HSE-External-Oscillator
PH1-OSC_OUT\ (PH1).Signal=RCC_OSC_OUT
PWR.IPParameters=pwrPrivilege
PWR.pwrPrivilege=PWR_PRIVILEGE_NO
PinOutPanel.RotationAngle=0
ProjectManager.AskForMigrate=true
ProjectManager.BackupPrevious=false
ProjectManager.CompilerOptimize=6
ProjectManager.ComputerToolchain=false
ProjectManager.CoupleFile=true
ProjectManager.CustomerFirmwarePackage=
ProjectManager.DefaultFWLocation=true
ProjectManager.DeletePrevious=true
ProjectManager.DeviceId=STM32U575CITx
ProjectManager.FirmwarePackage=STM32Cube FW_U5 V1.3.0
ProjectManager.FreePins=false
ProjectManager.HalAssertFull=false
ProjectManager.HeapSize=0x200
ProjectManager.KeepUserCode=true
ProjectManager.LPBAM.generateCode=
ProjectManager.LastFirmware=true
ProjectManager.LibraryCopy=1
ProjectManager.MainLocation=Core/Src
ProjectManager.NoMain=false
ProjectManager.PreviousToolchain=
ProjectManager.ProjectBuild=false
ProjectManager.ProjectFileName=LV_BMS_24.1.ioc
ProjectManager.ProjectName=LV_BMS_24.1
ProjectManager.ProjectStructure=
ProjectManager.RegisterCallBack=
ProjectManager.StackSize=0x400
ProjectManager.TargetToolchain=STM32CubeIDE
ProjectManager.ToolChainLocation=
ProjectManager.UAScriptAfterPath=
ProjectManager.UAScriptBeforePath=
ProjectManager.UnderRoot=true
ProjectManager.functionlistsort=1-SystemClock_Config-RCC-false-HAL-false,2-MX_GPIO_Init-GPIO-false-HAL-true,3-MX_GPDMA1_Init-GPDMA1-false-HAL-true,4-MX_ADC4_Init-ADC4-false-HAL-true,5-MX_FDCAN1_Init-FDCAN1-false-HAL-true,6-MX_ADC1_Init-ADC1-false-HAL-true,7-MX_SPI1_Init-SPI1-false-HAL-true,8-MX_I2C1_Init-I2C1-false-HAL-true,0-MX_CORTEX_M33_NS_Init-CORTEX_M33_NS-false-HAL-true,0-MX_PWR_Init-PWR-false-HAL-true
RCC.ADCCLockSelection=RCC_ADCDACCLKSOURCE_HSE
RCC.ADCFreq_Value=24000000
RCC.ADF1Freq_Value=24000000
RCC.AHBFreq_Value=24000000
RCC.APB1Freq_Value=24000000
RCC.APB1TimFreq_Value=24000000
RCC.APB2Freq_Value=24000000
RCC.APB2TimFreq_Value=24000000
RCC.APB3Freq_Value=24000000
RCC.CK48Freq_Value=48000000
RCC.CRSFreq_Value=48000000
RCC.CortexFreq_Value=24000000
RCC.DACFreq_Value=32000
RCC.EPOD_VALUE=24000000
RCC.FCLKCortexFreq_Value=24000000
RCC.FDCANClockSelection=RCC_FDCAN1CLKSOURCE_HSE
RCC.FDCANFreq_Value=24000000
RCC.FamilyName=M
RCC.HCLKFreq_Value=24000000
RCC.HSE_VALUE=24000000
RCC.HSI48_VALUE=48000000
RCC.HSI_VALUE=16000000
RCC.I2C1Freq_Value=24000000
RCC.I2C2Freq_Value=24000000
RCC.I2C3Freq_Value=24000000
RCC.I2C4Freq_Value=24000000
RCC.IPParameters=ADCCLockSelection,ADCFreq_Value,ADF1Freq_Value,AHBFreq_Value,APB1Freq_Value,APB1TimFreq_Value,APB2Freq_Value,APB2TimFreq_Value,APB3Freq_Value,CK48Freq_Value,CRSFreq_Value,CortexFreq_Value,DACFreq_Value,EPOD_VALUE,FCLKCortexFreq_Value,FDCANClockSelection,FDCANFreq_Value,FamilyName,HCLKFreq_Value,HSE_VALUE,HSI48_VALUE,HSI_VALUE,I2C1Freq_Value,I2C2Freq_Value,I2C3Freq_Value,I2C4Freq_Value,LPTIM2Freq_Value,LPUART1Freq_Value,LSCOPinFreq_Value,LSE_VALUE,LSIDIV_VALUE,LSI_VALUE,MCO1PinFreq_Value,MDF1Freq_Value,MSI_VALUE,OCTOSPIMFreq_Value,PLL2PoutputFreq_Value,PLL2QoutputFreq_Value,PLL2RoutputFreq_Value,PLL3PoutputFreq_Value,PLL3QoutputFreq_Value,PLL3RoutputFreq_Value,PLLM,PLLN,PLLPoutputFreq_Value,PLLQoutputFreq_Value,PLLRCLKFreq_Value,PLLSourceVirtual,RNGFreq_Value,SAI1Freq_Value,SPI1Freq_Value,SPI2Freq_Value,SPI3Freq_Value,SYSCLKFreq_VALUE,SYSCLKSource,UART4Freq_Value,USART1Freq_Value,USART2Freq_Value,USART3Freq_Value,USBFreq_Value,VCOInput2Freq_Value,VCOInput3Freq_Value,VCOInputFreq_Value,VCOOutputFreq_Value,VCOPLL2OutputFreq_Value,VCOPLL3OutputFreq_Value
RCC.LPTIM2Freq_Value=24000000
RCC.LPUART1Freq_Value=24000000
RCC.LSCOPinFreq_Value=32000
RCC.LSE_VALUE=32768
RCC.LSIDIV_VALUE=32000
RCC.LSI_VALUE=32000
RCC.MCO1PinFreq_Value=24000000
RCC.MDF1Freq_Value=24000000
RCC.MSI_VALUE=4000000
RCC.OCTOSPIMFreq_Value=24000000
RCC.PLL2PoutputFreq_Value=258000000
RCC.PLL2QoutputFreq_Value=258000000
RCC.PLL2RoutputFreq_Value=258000000
RCC.PLL3PoutputFreq_Value=258000000
RCC.PLL3QoutputFreq_Value=258000000
RCC.PLL3RoutputFreq_Value=258000000
RCC.PLLM=2
RCC.PLLN=16
RCC.PLLPoutputFreq_Value=96000000
RCC.PLLQoutputFreq_Value=96000000
RCC.PLLRCLKFreq_Value=96000000
RCC.PLLSourceVirtual=RCC_PLLSOURCE_HSE
RCC.RNGFreq_Value=48000000
RCC.SAI1Freq_Value=258000000
RCC.SPI1Freq_Value=24000000
RCC.SPI2Freq_Value=24000000
RCC.SPI3Freq_Value=24000000
RCC.SYSCLKFreq_VALUE=24000000
RCC.SYSCLKSource=RCC_SYSCLKSOURCE_HSE
RCC.UART4Freq_Value=24000000
RCC.USART1Freq_Value=24000000
RCC.USART2Freq_Value=24000000
RCC.USART3Freq_Value=24000000
RCC.USBFreq_Value=48000000
RCC.VCOInput2Freq_Value=4000000
RCC.VCOInput3Freq_Value=4000000
RCC.VCOInputFreq_Value=12000000
RCC.VCOOutputFreq_Value=192000000
RCC.VCOPLL2OutputFreq_Value=516000000
RCC.VCOPLL3OutputFreq_Value=516000000
SH.GPXTI10.0=GPIO_EXTI10
SH.GPXTI10.ConfNb=1
SPI1.BaudRatePrescaler=SPI_BAUDRATEPRESCALER_32
SPI1.CLKPhase=SPI_PHASE_2EDGE
SPI1.CLKPolarity=SPI_POLARITY_HIGH
SPI1.CalculateBaudRate=750.0 KBits/s
SPI1.DataSize=SPI_DATASIZE_8BIT
SPI1.Direction=SPI_DIRECTION_2LINES
SPI1.IPParameters=VirtualType,Mode,Direction,CalculateBaudRate,DataSize,BaudRatePrescaler,CLKPolarity,CLKPhase
SPI1.Mode=SPI_MODE_MASTER
SPI1.VirtualType=VM_MASTER
STMicroelectronics.X-CUBE-FREERTOS.1.1.0.CMSISJjRTOS2_Checked=true
STMicroelectronics.X-CUBE-FREERTOS.1.1.0.IPParameters=RTOS2CcCMSISJjRTOS2JjCore,RTOS2CcCMSISJjRTOS2JjHeap
STMicroelectronics.X-CUBE-FREERTOS.1.1.0.RTOS2CcCMSISJjRTOS2JjCore=TZIiNonIiSupported
STMicroelectronics.X-CUBE-FREERTOS.1.1.0.RTOS2CcCMSISJjRTOS2JjHeap=HeapIi1
STMicroelectronics.X-CUBE-FREERTOS.1.1.0_SwParameter=RTOS2CcCMSISJjRTOS2JjHeap\:HeapIi1;RTOS2CcCMSISJjRTOS2JjCore\:TZIiNonIiSupported;
VP_GPDMA1_VS_GPDMACH15.Mode=SIMPLEREQUEST_GPDMACH15
VP_GPDMA1_VS_GPDMACH15.Signal=GPDMA1_VS_GPDMACH15
VP_LPBAMQUEUE_VS_QUEUE.Mode=QUEUEMODE
VP_LPBAMQUEUE_VS_QUEUE.Signal=LPBAMQUEUE_VS_QUEUE
VP_LPBAM_VS_SIG1.Mode=SmartRun
VP_LPBAM_VS_SIG1.Signal=LPBAM_VS_SIG1
VP_LPBAM_VS_SIG4.Mode=LPDMA1
VP_LPBAM_VS_SIG4.Signal=LPBAM_VS_SIG4
VP_MEMORYMAP_VS_MEMORYMAP.Mode=CurAppReg
VP_MEMORYMAP_VS_MEMORYMAP.Signal=MEMORYMAP_VS_MEMORYMAP
VP_PWR_VS_SECSignals.Mode=Security/Privilege
VP_PWR_VS_SECSignals.Signal=PWR_VS_SECSignals
VP_PWR_Vdda.Mode=isolationVdda
VP_PWR_Vdda.Signal=PWR_Vdda
VP_STMicroelectronics.X-CUBE-FREERTOS_VS_CMSISJjRTOS2_10.5.1_1.1.0.Mode=CMSISJjRTOS2
VP_STMicroelectronics.X-CUBE-FREERTOS_VS_CMSISJjRTOS2_10.5.1_1.1.0.Signal=STMicroelectronics.X-CUBE-FREERTOS_VS_CMSISJjRTOS2_10.5.1_1.1.0
VP_SYS_VS_tim7.Mode=TIM7
VP_SYS_VS_tim7.Signal=SYS_VS_tim7
board=custom
rtos.0.ip=STMicroelectronics.X-CUBE-FREERTOS.1.1.0
rtos.0.tasks.0=allocationType,Dynamic;bufferName,NULL;codeGen,Default;controlBlockName,NULL;entry,StartDefaultTask;name,defaultTask;parameter,NULL;priority,osPriorityNormal;stackSize,128
rtos.0.tasks.1=allocationType,Dynamic;bufferName,NULL;codeGen,Default;controlBlockName,NULL;entry,StartStatusLedTask;name,StatusLedTask;parameter,NULL;priority,osPriorityLow;stackSize,128
rtos.0.tasks.2=allocationType,Dynamic;bufferName,NULL;codeGen,Default;controlBlockName,NULL;entry,StartCurrentTask;name,CurrentTask;parameter,NULL;priority,osPriorityLow;stackSize,128
rtos.0.tasks.3=allocationType,Dynamic;bufferName,NULL;codeGen,Default;controlBlockName,NULL;entry,StartVoltageTask;name,VoltageTask;parameter,NULL;priority,osPriorityLow;stackSize,128
rtos.0.tasks.4=allocationType,Dynamic;bufferName,NULL;codeGen,Default;controlBlockName,NULL;entry,StartTemperatureTask;name,TemperatureTask;parameter,NULL;priority,osPriorityLow;stackSize,128
rtos.0.tasks.5=allocationType,Dynamic;bufferName,NULL;codeGen,Default;controlBlockName,NULL;entry,StartFETTask;name,FETTask;parameter,NULL;priority,osPriorityLow;stackSize,128
rtos.0.tasks.6=allocationType,Dynamic;bufferName,NULL;codeGen,Default;controlBlockName,NULL;entry,StartCANSendTask;name,CANSendTask;parameter,NULL;priority,osPriorityLow;stackSize,128
rtos.0.tasks.7=allocationType,Dynamic;bufferName,NULL;codeGen,Default;controlBlockName,NULL;entry,StartFMSTask;name,FMSTask;parameter,NULL;priority,osPriorityLow;stackSize,128
rtos.0.tasks.8=allocationType,Dynamic;bufferName,NULL;codeGen,Default;controlBlockName,NULL;entry,StartBalanceTask;name,BalanceTask;parameter,NULL;priority,osPriorityLow;stackSize,128
rtos.0.tasks.9=allocationType,Dynamic;bufferName,NULL;codeGen,Default;controlBlockName,NULL;entry,StartASBSupply;name,ASBSupply;parameter,NULL;priority,osPriorityLow;stackSize,128
isbadioc=false
